
Microsoft Visual Studio Solution File, Format Version 11.00
# Visual Studio 2010
Project("{8BC9CEB8-8B4A-11D0-8D11-00A0C91BC942}") = "FrameWork37", "FrameWork37\FrameWork37.vcxproj", "{C38EB594-BAEC-493E-8976-B84519CDC48E}"
EndProject
Global
	GlobalSection(SolutionConfigurationPlatforms) = preSolution
		Debug|Win32 = Debug|Win32
		Release|Win32 = Release|Win32
	EndGlobalSection
	GlobalSection(ProjectConfigurationPlatforms) = postSolution
		{C38EB594-BAEC-493E-8976-B84519CDC48E}.Debug|Win32.ActiveCfg = Debug|Win32
		{C38EB594-BAEC-493E-8976-B84519CDC48E}.Debug|Win32.Build.0 = Debug|Win32
		{C38EB594-BAEC-493E-8976-B84519CDC48E}.Release|Win32.ActiveCfg = Release|Win32
		{C38EB594-BAEC-493E-8976-B84519CDC48E}.Release|Win32.Build.0 = Release|Win32
	EndGlobalSection
	GlobalSection(SolutionProperties) = preSolution
		HideSolutionNode = FALSE
	EndGlobalSection
EndGlobal
